{"1.2.0",
[{<<"jsx">>,{pkg,<<"jsx">>,<<"3.1.0">>},0},
 {<<"redbug">>,{pkg,<<"redbug">>,<<"2.0.7">>},0},
 {<<"yamerl">>,{pkg,<<"yamerl">>,<<"0.8.1">>},0}]}.
[
{pkg_hash,[
 {<<"jsx">>, <<"D12516BAA0BB23A59BB35DCCAF02A1BD08243FCBB9EFE24F2D9D056CCFF71268">>},
 {<<"redbug">>, <<"40F477681E4957A1EBCE19B23A9B53CD8113DA6133014C506E3E194A6E4FFC89">>},
 {<<"yamerl">>, <<"07DA13FFA1D8E13948943789665C62CCD679DFA7B324A4A2ED3149DF17F453A4">>}]},
{pkg_hash_ext,[
 {<<"jsx">>, <<"0C5CC8FDC11B53CC25CF65AC6705AD39E54ECC56D1C22E4ADB8F5A53FB9427F3">>},
 {<<"redbug">>, <<"3624FEB7A4B78FD9AE0E66CC3158FE7422770AD6987A1EBF8DF4D3303B1C4B0C">>},
 {<<"yamerl">>, <<"96CB30F9D64344FED0EF8A92E9F16F207DE6C04DFFF4F366752CA79F5BCEB23F">>}]}
].
